// !$*UTF8*$!
{
	archiveVersion = 1;
	classes = {
	};
	objectVersion = 56;
	objects = {

/* Begin PBXBuildFile section */
		8594DED829A7CC590018D1E6 /* CardView.swift in Sources */ = {isa = PBXBuildFile; fileRef = 8594DED729A7CC590018D1E6 /* CardView.swift */; };
		8594DEDA29A7CD910018D1E6 /* ContentView.swift in Sources */ = {isa = PBXBuildFile; fileRef = 8594DED929A7CD910018D1E6 /* ContentView.swift */; };
		8595913B29ABEED50068F743 /* CardModel.swift in Sources */ = {isa = PBXBuildFile; fileRef = 8595913A29ABEED50068F743 /* CardModel.swift */; };
		8595913E29ABEF9D0068F743 /* CardData.swift in Sources */ = {isa = PBXBuildFile; fileRef = 8595913D29ABEF9D0068F743 /* CardData.swift */; };
		8595914029ABF5B40068F743 /* sound-chime.mp3 in Resources */ = {isa = PBXBuildFile; fileRef = 8595913F29ABF5B40068F743 /* sound-chime.mp3 */; };
		8595914229ABF5DA0068F743 /* PlaySounds.swift in Sources */ = {isa = PBXBuildFile; fileRef = 8595914129ABF5DA0068F743 /* PlaySounds.swift */; };
		859853F229A6806B00999926 /* AppDelegate.swift in Sources */ = {isa = PBXBuildFile; fileRef = 859853F129A6806B00999926 /* AppDelegate.swift */; };
		859853F429A6806B00999926 /* SceneDelegate.swift in Sources */ = {isa = PBXBuildFile; fileRef = 859853F329A6806B00999926 /* SceneDelegate.swift */; };
		859853F629A6806B00999926 /* ViewController.swift in Sources */ = {isa = PBXBuildFile; fileRef = 859853F529A6806B00999926 /* ViewController.swift */; };
		859853F929A6806B00999926 /* Main.storyboard in Resources */ = {isa = PBXBuildFile; fileRef = 859853F729A6806B00999926 /* Main.storyboard */; };
		859853FB29A6806C00999926 /* Assets.xcassets in Resources */ = {isa = PBXBuildFile; fileRef = 859853FA29A6806C00999926 /* Assets.xcassets */; };
		859853FE29A6806C00999926 /* LaunchScreen.storyboard in Resources */ = {isa = PBXBuildFile; fileRef = 859853FC29A6806C00999926 /* LaunchScreen.storyboard */; };
/* End PBXBuildFile section */

/* Begin PBXFileReference section */
		8594DED729A7CC590018D1E6 /* CardView.swift */ = {isa = PBXFileReference; lastKnownFileType = sourcecode.swift; path = CardView.swift; sourceTree = "<group>"; };
		8594DED929A7CD910018D1E6 /* ContentView.swift */ = {isa = PBXFileReference; lastKnownFileType = sourcecode.swift; path = ContentView.swift; sourceTree = "<group>"; };
		8595913A29ABEED50068F743 /* CardModel.swift */ = {isa = PBXFileReference; lastKnownFileType = sourcecode.swift; path = CardModel.swift; sourceTree = "<group>"; };
		8595913D29ABEF9D0068F743 /* CardData.swift */ = {isa = PBXFileReference; lastKnownFileType = sourcecode.swift; path = CardData.swift; sourceTree = "<group>"; };
		8595913F29ABF5B40068F743 /* sound-chime.mp3 */ = {isa = PBXFileReference; lastKnownFileType = audio.mp3; path = "sound-chime.mp3"; sourceTree = "<group>"; };
		8595914129ABF5DA0068F743 /* PlaySounds.swift */ = {isa = PBXFileReference; lastKnownFileType = sourcecode.swift; path = PlaySounds.swift; sourceTree = "<group>"; };
		859853EE29A6806B00999926 /* LearnbyDoing.app */ = {isa = PBXFileReference; explicitFileType = wrapper.application; includeInIndex = 0; path = LearnbyDoing.app; sourceTree = BUILT_PRODUCTS_DIR; };
		859853F129A6806B00999926 /* AppDelegate.swift */ = {isa = PBXFileReference; lastKnownFileType = sourcecode.swift; path = AppDelegate.swift; sourceTree = "<group>"; };
		859853F329A6806B00999926 /* SceneDelegate.swift */ = {isa = PBXFileReference; lastKnownFileType = sourcecode.swift; path = SceneDelegate.swift; sourceTree = "<group>"; };
		859853F529A6806B00999926 /* ViewController.swift */ = {isa = PBXFileReference; lastKnownFileType = sourcecode.swift; path = ViewController.swift; sourceTree = "<group>"; };
		859853F829A6806B00999926 /* Base */ = {isa = PBXFileReference; lastKnownFileType = file.storyboard; name = Base; path = Base.lproj/Main.storyboard; sourceTree = "<group>"; };
		859853FA29A6806C00999926 /* Assets.xcassets */ = {isa = PBXFileReference; lastKnownFileType = folder.assetcatalog; path = Assets.xcassets; sourceTree = "<group>"; };
		859853FD29A6806C00999926 /* Base */ = {isa = PBXFileReference; lastKnownFileType = file.storyboard; name = Base; path = Base.lproj/LaunchScreen.storyboard; sourceTree = "<group>"; };
		859853FF29A6806C00999926 /* Info.plist */ = {isa = PBXFileReference; lastKnownFileType = text.plist.xml; path = Info.plist; sourceTree = "<group>"; };
/* End PBXFileReference section */

/* Begin PBXFrameworksBuildPhase section */
		859853EB29A6806B00999926 /* Frameworks */ = {
			isa = PBXFrameworksBuildPhase;
			buildActionMask = 2147483647;
			files = (
			);
			runOnlyForDeploymentPostprocessing = 0;
		};
/* End PBXFrameworksBuildPhase section */

/* Begin PBXGroup section */
		8594DEDB29A7CDB60018D1E6 /* View */ = {
			isa = PBXGroup;
			children = (
				8594DED929A7CD910018D1E6 /* ContentView.swift */,
				8594DED729A7CC590018D1E6 /* CardView.swift */,
			);
			path = View;
			sourceTree = "<group>";
		};
		8595913C29ABEEE80068F743 /* Model */ = {
			isa = PBXGroup;
			children = (
				8595914129ABF5DA0068F743 /* PlaySounds.swift */,
				8595913A29ABEED50068F743 /* CardModel.swift */,
				8595913D29ABEF9D0068F743 /* CardData.swift */,
			);
			path = Model;
			sourceTree = "<group>";
		};
		859853E529A6806B00999926 = {
			isa = PBXGroup;
			children = (
				859853F029A6806B00999926 /* LearnbyDoing */,
				859853EF29A6806B00999926 /* Products */,
			);
			sourceTree = "<group>";
		};
		859853EF29A6806B00999926 /* Products */ = {
			isa = PBXGroup;
			children = (
				859853EE29A6806B00999926 /* LearnbyDoing.app */,
			);
			name = Products;
			sourceTree = "<group>";
		};
		859853F029A6806B00999926 /* LearnbyDoing */ = {
			isa = PBXGroup;
			children = (
				8595913C29ABEEE80068F743 /* Model */,
				8594DEDB29A7CDB60018D1E6 /* View */,
				8595913F29ABF5B40068F743 /* sound-chime.mp3 */,
				859853F129A6806B00999926 /* AppDelegate.swift */,
				859853F329A6806B00999926 /* SceneDelegate.swift */,
				859853F529A6806B00999926 /* ViewController.swift */,
				859853F729A6806B00999926 /* Main.storyboard */,
				859853FA29A6806C00999926 /* Assets.xcassets */,
				859853FC29A6806C00999926 /* LaunchScreen.storyboard */,
				859853FF29A6806C00999926 /* Info.plist */,
			);
			path = LearnbyDoing;
			sourceTree = "<group>";
		};
/* End PBXGroup section */

/* Begin PBXNativeTarget section */
		859853ED29A6806B00999926 /* LearnbyDoing */ = {
			isa = PBXNativeTarget;
			buildConfigurationList = 8598540229A6806C00999926 /* Build configuration list for PBXNativeTarget "LearnbyDoing" */;
			buildPhases = (
				859853EA29A6806B00999926 /* Sources */,
				859853EB29A6806B00999926 /* Frameworks */,
				859853EC29A6806B00999926 /* Resources */,
			);
			buildRules = (
			);
			dependencies = (
			);
			name = LearnbyDoing;
			productName = LearnbyDoing;
			productReference = 859853EE29A6806B00999926 /* LearnbyDoing.app */;
			productType = "com.apple.product-type.application";
		};
/* End PBXNativeTarget section */

/* Begin PBXProject section */
		859853E629A6806B00999926 /* Project object */ = {
			isa = PBXProject;
			attributes = {
				BuildIndependentTargetsInParallel = 1;
				LastSwiftUpdateCheck = 1420;
				LastUpgradeCheck = 1420;
				TargetAttributes = {
					859853ED29A6806B00999926 = {
						CreatedOnToolsVersion = 14.2;
					};
				};
			};
			buildConfigurationList = 859853E929A6806B00999926 /* Build configuration list for PBXProject "LearnbyDoing" */;
			compatibilityVersion = "Xcode 14.0";
			developmentRegion = en;
			hasScannedForEncodings = 0;
			knownRegions = (
				en,
				Base,
			);
			mainGroup = 859853E529A6806B00999926;
			productRefGroup = 859853EF29A6806B00999926 /* Products */;
			projectDirPath = "";
			projectRoot = "";
			targets = (
				859853ED29A6806B00999926 /* LearnbyDoing */,
			);
		};
/* End PBXProject section */

/* Begin PBXResourcesBuildPhase section */
		859853EC29A6806B00999926 /* Resources */ = {
			isa = PBXResourcesBuildPhase;
			buildActionMask = 2147483647;
			files = (
				859853FE29A6806C00999926 /* LaunchScreen.storyboard in Resources */,
				8595914029ABF5B40068F743 /* sound-chime.mp3 in Resources */,
				859853FB29A6806C00999926 /* Assets.xcassets in Resources */,
				859853F929A6806B00999926 /* Main.storyboard in Resources */,
			);
			runOnlyForDeploymentPostprocessing = 0;
		};
/* End PBXResourcesBuildPhase section */

/* Begin PBXSourcesBuildPhase section */
		859853EA29A6806B00999926 /* Sources */ = {
			isa = PBXSourcesBuildPhase;
			buildActionMask = 2147483647;
			files = (
				859853F629A6806B00999926 /* ViewController.swift in Sources */,
				8595913B29ABEED50068F743 /* CardModel.swift in Sources */,
				8594DEDA29A7CD910018D1E6 /* ContentView.swift in Sources */,
				8595913E29ABEF9D0068F743 /* CardData.swift in Sources */,
				859853F229A6806B00999926 /* AppDelegate.swift in Sources */,
				8595914229ABF5DA0068F743 /* PlaySounds.swift in Sources */,
				8594DED829A7CC590018D1E6 /* CardView.swift in Sources */,
				859853F429A6806B00999926 /* SceneDelegate.swift in Sources */,
			);
			runOnlyForDeploymentPostprocessing = 0;
		};
/* End PBXSourcesBuildPhase section */

/* Begin PBXVariantGroup section */
		859853F729A6806B00999926 /* Main.storyboard */ = {
			isa = PBXVariantGroup;
			children = (
				859853F829A6806B00999926 /* Base */,
			);
			name = Main.storyboard;
			sourceTree = "<group>";
		};
		859853FC29A6806C00999926 /* LaunchScreen.storyboard */ = {
			isa = PBXVariantGroup;
			children = (
				859853FD29A6806C00999926 /* Base */,
			);
			name = LaunchScreen.storyboard;
			sourceTree = "<group>";
		};
/* End PBXVariantGroup section */

/* Begin XCBuildConfiguration section */
		8598540029A6806C00999926 /* Debug */ = {
			isa = XCBuildConfiguration;
			buildSettings = {
				ALWAYS_SEARCH_USER_PATHS = NO;
				CLANG_ANALYZER_NONNULL = YES;
				CLANG_ANALYZER_NUMBER_OBJECT_CONVERSION = YES_AGGRESSIVE;
				CLANG_CXX_LANGUAGE_STANDARD = "gnu++20";
				CLANG_ENABLE_MODULES = YES;
				CLANG_ENABLE_OBJC_ARC = YES;
				CLANG_ENABLE_OBJC_WEAK = YES;
				CLANG_WARN_BLOCK_CAPTURE_AUTORELEASING = YES;
				CLANG_WARN_BOOL_CONVERSION = YES;
				CLANG_WARN_COMMA = YES;
				CLANG_WARN_CONSTANT_CONVERSION = YES;
				CLANG_WARN_DEPRECATED_OBJC_IMPLEMENTATIONS = YES;
				CLANG_WARN_DIRECT_OBJC_ISA_USAGE = YES_ERROR;
				CLANG_WARN_DOCUMENTATION_COMMENTS = YES;
				CLANG_WARN_EMPTY_BODY = YES;
				CLANG_WARN_ENUM_CONVERSION = YES;
				CLANG_WARN_INFINITE_RECURSION = YES;
				CLANG_WARN_INT_CONVERSION = YES;
				CLANG_WARN_NON_LITERAL_NULL_CONVERSION = YES;
				CLANG_WARN_OBJC_IMPLICIT_RETAIN_SELF = YES;
				CLANG_WARN_OBJC_LITERAL_CONVERSION = YES;
				CLANG_WARN_OBJC_ROOT_CLASS = YES_ERROR;
				CLANG_WARN_QUOTED_INCLUDE_IN_FRAMEWORK_HEADER = YES;
				CLANG_WARN_RANGE_LOOP_ANALYSIS = YES;
				CLANG_WARN_STRICT_PROTOTYPES = YES;
				CLANG_WARN_SUSPICIOUS_MOVE = YES;
				CLANG_WARN_UNGUARDED_AVAILABILITY = YES_AGGRESSIVE;
				CLANG_WARN_UNREACHABLE_CODE = YES;
				CLANG_WARN__DUPLICATE_METHOD_MATCH = YES;
				COPY_PHASE_STRIP = NO;
				DEBUG_INFORMATION_FORMAT = dwarf;
				ENABLE_STRICT_OBJC_MSGSEND = YES;
				ENABLE_TESTABILITY = YES;
				GCC_C_LANGUAGE_STANDARD = gnu11;
				GCC_DYNAMIC_NO_PIC = NO;
				GCC_NO_COMMON_BLOCKS = YES;
				GCC_OPTIMIZATION_LEVEL = 0;
				GCC_PREPROCESSOR_DEFINITIONS = (
					"DEBUG=1",
					"$(inherited)",
				);
				GCC_WARN_64_TO_32_BIT_CONVERSION = YES;
				GCC_WARN_ABOUT_RETURN_TYPE = YES_ERROR;
				GCC_WARN_UNDECLARED_SELECTOR = YES;
				GCC_WARN_UNINITIALIZED_AUTOS = YES_AGGRESSIVE;
				GCC_WARN_UNUSED_FUNCTION = YES;
				GCC_WARN_UNUSED_VARIABLE = YES;
				IPHONEOS_DEPLOYMENT_TARGET = 16.2;
				MTL_ENABLE_DEBUG_INFO = INCLUDE_SOURCE;
				MTL_FAST_MATH = YES;
				ONLY_ACTIVE_ARCH = YES;
				SDKROOT = iphoneos;
				SWIFT_ACTIVE_COMPILATION_CONDITIONS = DEBUG;
				SWIFT_OPTIMIZATION_LEVEL = "-Onone";
			};
			name = Debug;
		};
		8598540129A6806C00999926 /* Release */ = {
			isa = XCBuildConfiguration;
			buildSettings = {
				ALWAYS_SEARCH_USER_PATHS = NO;
				CLANG_ANALYZER_NONNULL = YES;
				CLANG_ANALYZER_NUMBER_OBJECT_CONVERSION = YES_AGGRESSIVE;
				CLANG_CXX_LANGUAGE_STANDARD = "gnu++20";
				CLANG_ENABLE_MODULES = YES;
				CLANG_ENABLE_OBJC_ARC = YES;
				CLANG_ENABLE_OBJC_WEAK = YES;
				CLANG_WARN_BLOCK_CAPTURE_AUTORELEASING = YES;
				CLANG_WARN_BOOL_CONVERSION = YES;
				CLANG_WARN_COMMA = YES;
				CLANG_WARN_CONSTANT_CONVERSION = YES;
				CLANG_WARN_DEPRECATED_OBJC_IMPLEMENTATIONS = YES;
				CLANG_WARN_DIRECT_OBJC_ISA_USAGE = YES_ERROR;
				CLANG_WARN_DOCUMENTATION_COMMENTS = YES;
				CLANG_WARN_EMPTY_BODY = YES;
				CLANG_WARN_ENUM_CONVERSION = YES;
				CLANG_WARN_INFINITE_RECURSION = YES;
				CLANG_WARN_INT_CONVERSION = YES;
				CLANG_WARN_NON_LITERAL_NULL_CONVERSION = YES;
				CLANG_WARN_OBJC_IMPLICIT_RETAIN_SELF = YES;
				CLANG_WARN_OBJC_LITERAL_CONVERSION = YES;
				CLANG_WARN_OBJC_ROOT_CLASS = YES_ERROR;
				CLANG_WARN_QUOTED_INCLUDE_IN_FRAMEWORK_HEADER = YES;
				CLANG_WARN_RANGE_LOOP_ANALYSIS = YES;
				CLANG_WARN_STRICT_PROTOTYPES = YES;
				CLANG_WARN_SUSPICIOUS_MOVE = YES;
				CLANG_WARN_UNGUARDED_AVAILABILITY = YES_AGGRESSIVE;
				CLANG_WARN_UNREACHABLE_CODE = YES;
				CLANG_WARN__DUPLICATE_METHOD_MATCH = YES;
				COPY_PHASE_STRIP = NO;
				DEBUG_INFORMATION_FORMAT = "dwarf-with-dsym";
				ENABLE_NS_ASSERTIONS = NO;
				ENABLE_STRICT_OBJC_MSGSEND = YES;
				GCC_C_LANGUAGE_STANDARD = gnu11;
				GCC_NO_COMMON_BLOCKS = YES;
				GCC_WARN_64_TO_32_BIT_CONVERSION = YES;
				GCC_WARN_ABOUT_RETURN_TYPE = YES_ERROR;
				GCC_WARN_UNDECLARED_SELECTOR = YES;
				GCC_WARN_UNINITIALIZED_AUTOS = YES_AGGRESSIVE;
				GCC_WARN_UNUSED_FUNCTION = YES;
				GCC_WARN_UNUSED_VARIABLE = YES;
				IPHONEOS_DEPLOYMENT_TARGET = 16.2;
				MTL_ENABLE_DEBUG_INFO = NO;
				MTL_FAST_MATH = YES;
				SDKROOT = iphoneos;
				SWIFT_COMPILATION_MODE = wholemodule;
				SWIFT_OPTIMIZATION_LEVEL = "-O";
				VALIDATE_PRODUCT = YES;
			};
			name = Release;
		};
		8598540329A6806C00999926 /* Debug */ = {
			isa = XCBuildConfiguration;
			buildSettings = {
				ASSETCATALOG_COMPILER_APPICON_NAME = AppIcon;
				ASSETCATALOG_COMPILER_GLOBAL_ACCENT_COLOR_NAME = AccentColor;
				CODE_SIGN_STYLE = Automatic;
				CURRENT_PROJECT_VERSION = 1;
				GENERATE_INFOPLIST_FILE = YES;
				INFOPLIST_FILE = LearnbyDoing/Info.plist;
				INFOPLIST_KEY_UIApplicationSupportsIndirectInputEvents = YES;
				INFOPLIST_KEY_UILaunchStoryboardName = LaunchScreen;
				INFOPLIST_KEY_UIMainStoryboardFile = Main;
				INFOPLIST_KEY_UISupportedInterfaceOrientations_iPad = "UIInterfaceOrientationPortrait UIInterfaceOrientationPortraitUpsideDown UIInterfaceOrientationLandscapeLeft UIInterfaceOrientationLandscapeRight";
				INFOPLIST_KEY_UISupportedInterfaceOrientations_iPhone = "UIInterfaceOrientationPortrait UIInterfaceOrientationLandscapeLeft UIInterfaceOrientationLandscapeRight";
				LD_RUNPATH_SEARCH_PATHS = (
					"$(inherited)",
					"@executable_path/Frameworks",
				);
				MARKETING_VERSION = 1.0;
				PRODUCT_BUNDLE_IDENTIFIER = orlandomoraesmartins.LearnbyDoing;
				PRODUCT_NAME = "$(TARGET_NAME)";
				SWIFT_EMIT_LOC_STRINGS = YES;
				SWIFT_VERSION = 5.0;
				TARGETED_DEVICE_FAMILY = "1,2";
			};
			name = Debug;
		};
		8598540429A6806C00999926 /* Release */ = {
			isa = XCBuildConfiguration;
			buildSettings = {
				ASSETCATALOG_COMPILER_APPICON_NAME = AppIcon;
				ASSETCATALOG_COMPILER_GLOBAL_ACCENT_COLOR_NAME = AccentColor;
				CODE_SIGN_STYLE = Automatic;
				CURRENT_PROJECT_VERSION = 1;
				GENERATE_INFOPLIST_FILE = YES;
				INFOPLIST_FILE = LearnbyDoing/Info.plist;
				INFOPLIST_KEY_UIApplicationSupportsIndirectInputEvents = YES;
				INFOPLIST_KEY_UILaunchStoryboardName = LaunchScreen;
				INFOPLIST_KEY_UIMainStoryboardFile = Main;
				INFOPLIST_KEY_UISupportedInterfaceOrientations_iPad = "UIInterfaceOrientationPortrait UIInterfaceOrientationPortraitUpsideDown UIInterfaceOrientationLandscapeLeft UIInterfaceOrientationLandscapeRight";
				INFOPLIST_KEY_UISupportedInterfaceOrientations_iPhone = "UIInterfaceOrientationPortrait UIInterfaceOrientationLandscapeLeft UIInterfaceOrientationLandscapeRight";
				LD_RUNPATH_SEARCH_PATHS = (
					"$(inherited)",
					"@executable_path/Frameworks",
				);
				MARKETING_VERSION = 1.0;
				PRODUCT_BUNDLE_IDENTIFIER = orlandomoraesmartins.LearnbyDoing;
				PRODUCT_NAME = "$(TARGET_NAME)";
				SWIFT_EMIT_LOC_STRINGS = YES;
				SWIFT_VERSION = 5.0;
				TARGETED_DEVICE_FAMILY = "1,2";
			};
			name = Release;
		};
/* End XCBuildConfiguration section */

/* Begin XCConfigurationList section */
		859853E929A6806B00999926 /* Build configuration list for PBXProject "LearnbyDoing" */ = {
			isa = XCConfigurationList;
			buildConfigurations = (
				8598540029A6806C00999926 /* Debug */,
				8598540129A6806C00999926 /* Release */,
			);
			defaultConfigurationIsVisible = 0;
			defaultConfigurationName = Release;
		};
		8598540229A6806C00999926 /* Build configuration list for PBXNativeTarget "LearnbyDoing" */ = {
			isa = XCConfigurationList;
			buildConfigurations = (
				8598540329A6806C00999926 /* Debug */,
				8598540429A6806C00999926 /* Release */,
			);
			defaultConfigurationIsVisible = 0;
			defaultConfigurationName = Release;
		};
/* End XCConfigurationList section */
	};
	rootObject = 859853E629A6806B00999926 /* Project object */;
}
